# THIS IS AN AUTOGENERATED FILE. DO NOT EDIT THIS FILE DIRECTLY.
# yarn lockfile v1


align-text@^0.1.1, align-text@^0.1.3:
  version "0.1.4"
  resolved "https://registry.yarnpkg.com/align-text/-/align-text-0.1.4.tgz#0cd90a561093f35d0a99256c22b7069433fad117"
  dependencies:
    kind-of "^3.0.2"
    longest "^1.0.1"
    repeat-string "^1.5.2"

allkey@^0.1.0:
  version "0.1.0"
  resolved "https://registry.yarnpkg.com/allkey/-/allkey-0.1.0.tgz#a3783262bc0370030e826e8305ed91be5dae248b"
  dependencies:
    babel-runtime "^6.23.0"
    doubt "^0.26.0"
    kein "^0.23.0"
    portel "^0.3.0"
    raze "^0.29.0"

amdefine@>=0.0.4:
  version "1.0.1"
  resolved "https://registry.yarnpkg.com/amdefine/-/amdefine-1.0.1.tgz#4a5282ac164729e93619bcfd3ad151f817ce91f5"

annon@^0.4.0:
  version "0.4.0"
  resolved "https://registry.yarnpkg.com/annon/-/annon-0.4.0.tgz#f9bb186eb90e8dc559c9f3483d0f22f954f6966d"
  dependencies:
    babel-runtime "^6.23.0"
    falzy "^0.19.0"
    fnamed "^0.6.0"
    protype "^0.21.0"

anykey@^0.1.0:
  version "0.1.0"
  resolved "https://registry.yarnpkg.com/anykey/-/anykey-0.1.0.tgz#ba9668a66b66a8e7dead08e9965dff7f150ae908"
  dependencies:
    babel-runtime "^6.23.0"
    doubt "^0.26.0"
    kein "^0.23.0"
    portel "^0.3.0"
    raze "^0.29.0"

arid@^0.25.0:
  version "0.25.0"
  resolved "https://registry.yarnpkg.com/arid/-/arid-0.25.0.tgz#07e45857c84271509ec6475999445be03c5ad965"
  dependencies:
    arkount "^0.7.0"
    babel-runtime "^6.23.0"
    doubt "^0.26.0"

arkount@^0.7.0:
  version "0.7.0"
  resolved "https://registry.yarnpkg.com/arkount/-/arkount-0.7.0.tgz#781b3053521c58ffc7346b84ff89926e8d77b5b6"
  dependencies:
    babel-runtime "^6.23.0"
    doubt "^0.26.0"
    raze "^0.29.0"
    truly "^0.18.0"
    wichevr "^0.9.0"

asea@^0.13.0:
  version "0.13.0"
  resolved "https://registry.yarnpkg.com/asea/-/asea-0.13.0.tgz#80ae9421fe5614432c2324a7850ea13184242277"
  dependencies:
    babel-runtime "^6.23.0"
    harden "^0.21.0"

async@^1.4.0:
  version "1.5.2"
  resolved "https://registry.yarnpkg.com/async/-/async-1.5.2.tgz#ec6a61ae56480c0c3cb241c95618e20892f9672a"

asyum@^0.3.0:
  version "0.3.0"
  resolved "https://registry.yarnpkg.com/asyum/-/asyum-0.3.0.tgz#5cad03d37d24cb8b739c2ea12a3cc794c72438d1"
  dependencies:
    annon "^0.4.0"
    babel-runtime "^6.23.0"
    doubt "^0.26.0"
    fname "^0.5.0"
    protype "^0.21.0"
    wichevr "^0.9.0"

babel-runtime@^6.23.0:
  version "6.23.0"
  resolved "https://registry.yarnpkg.com/babel-runtime/-/babel-runtime-6.23.0.tgz#0a9489f144de70efb3ce4300accdb329e2fc543b"
  dependencies:
    core-js "^2.4.0"
    regenerator-runtime "^0.10.0"

browser-fingerprint@0.0.1:
  version "0.0.1"
  resolved "https://registry.yarnpkg.com/browser-fingerprint/-/browser-fingerprint-0.0.1.tgz#8df3cdca25bf7d5b3542d61545d730053fce604a"

budge@^0.25.0:
  version "0.25.0"
  resolved "https://registry.yarnpkg.com/budge/-/budge-0.25.0.tgz#0fa75c73c67198a83be7e4b855c62d963dca8e16"
  dependencies:
    arkount "^0.7.0"
    babel-runtime "^6.23.0"
    depher "^0.30.0"
    doubt "^0.26.0"
    raze "^0.29.0"

burne@^0.1.0:
  version "0.1.0"
  resolved "https://registry.yarnpkg.com/burne/-/burne-0.1.0.tgz#c78bcdbb201975cbcb8b032292fe7243545131f0"
  dependencies:
    babel-runtime "^6.23.0"
    falzy "^0.19.0"
    impel "^0.14.0"
    protype "^0.21.0"
    wichevr "^0.9.0"
    zelf "^0.11.0"

cagd@^0.1.0:
  version "0.1.0"
  resolved "https://registry.yarnpkg.com/cagd/-/cagd-0.1.0.tgz#8bcf46f82944b4062466584e898111a311eceb7d"
  dependencies:
    babel-runtime "^6.23.0"
    falzy "^0.19.0"
    protype "^0.21.0"
    wichevr "^0.9.0"
    zelf "^0.11.0"

called@^0.25.0:
  version "0.25.0"
  resolved "https://registry.yarnpkg.com/called/-/called-0.25.0.tgz#6eedd7c03b470b5829cc9c5fa9ca29f783ffc298"
  dependencies:
    babel-runtime "^6.23.0"
    depher "^0.30.0"
    harden "^0.21.0"
    kloak "^0.21.0"
    raze "^0.29.0"
    wichevr "^0.9.0"
    zelf "^0.11.0"

camelcase@^1.0.2:
  version "1.2.1"
  resolved "https://registry.yarnpkg.com/camelcase/-/camelcase-1.2.1.tgz#9bb5304d2e0b56698b2c758b08a3eaa9daa58a39"

cemento@^0.15.0:
  version "0.15.0"
  resolved "https://registry.yarnpkg.com/cemento/-/cemento-0.15.0.tgz#77fe5818c3c67975d47f974df052bea9739ff5a5"
  dependencies:
    babel-runtime "^6.23.0"
    harden "^0.21.0"
    kount "^0.10.0"

center-align@^0.1.1:
  version "0.1.3"
  resolved "https://registry.yarnpkg.com/center-align/-/center-align-0.1.3.tgz#aa0d32629b6ee972200411cbd4461c907bc2b7ad"
  dependencies:
    align-text "^0.1.3"
    lazy-cache "^1.0.3"

circular-json@^0.3.1:
  version "0.3.1"
  resolved "https://registry.yarnpkg.com/circular-json/-/circular-json-0.3.1.tgz#be8b36aefccde8b3ca7aa2d6afc07a37242c0d2d"

clazof@^0.25.0:
  version "0.25.0"
  resolved "https://registry.yarnpkg.com/clazof/-/clazof-0.25.0.tgz#3b97ccb4cf171a536e647ed3117bbb08d1ca0434"
  dependencies:
    babel-runtime "^6.23.0"
    falzy "^0.19.0"
    fname "^0.5.0"
    portel "^0.3.0"
    protype "^0.21.0"
    raze "^0.29.0"
    stringe "^0.3.0"
    wauker "^0.12.0"

cliui@^2.1.0:
  version "2.1.0"
  resolved "https://registry.yarnpkg.com/cliui/-/cliui-2.1.0.tgz#4b475760ff80264c762c3a1719032e91c7fea0d1"
  dependencies:
    center-align "^0.1.1"
    right-align "^0.1.1"
    wordwrap "0.0.2"

cnfgrble@^0.2.0:
  version "0.2.0"
  resolved "https://registry.yarnpkg.com/cnfgrble/-/cnfgrble-0.2.0.tgz#720c4de68478c57668a2e5d80e9001c4dbdd59c4"
  dependencies:
    asyum "^0.3.0"
    babel-runtime "^6.23.0"
    dscrb "^0.2.0"
    zelf "^0.11.0"

coprop@^0.2.0:
  version "0.2.0"
  resolved "https://registry.yarnpkg.com/coprop/-/coprop-0.2.0.tgz#cb7f29f7ed77a976927a29f4b97b2498441ff7d1"
  dependencies:
    asyum "^0.3.0"
    babel-runtime "^6.23.0"
    cnfgrble "^0.2.0"
    defyn "^0.2.0"
    dscrb "^0.2.0"
    falzy "^0.19.0"
    kein "^0.23.0"
    protype "^0.21.0"
    wrtble "^0.2.0"

core-js@^1.1.1:
  version "1.2.7"
  resolved "https://registry.yarnpkg.com/core-js/-/core-js-1.2.7.tgz#652294c14651db28fa93bd2d5ff2983a4f08c636"

core-js@^2.4.0:
  version "2.4.1"
  resolved "https://registry.yarnpkg.com/core-js/-/core-js-2.4.1.tgz#4de911e667b0eae9124e34254b53aea6fc618d3e"

cuid@^1.3.8:
  version "1.3.8"
  resolved "https://registry.yarnpkg.com/cuid/-/cuid-1.3.8.tgz#4b875e0969bad764f7ec0706cf44f5fb0831f6b7"
  dependencies:
    browser-fingerprint "0.0.1"
    core-js "^1.1.1"
    node-fingerprint "0.0.2"

decamelize@^1.0.0:
  version "1.2.0"
  resolved "https://registry.yarnpkg.com/decamelize/-/decamelize-1.2.0.tgz#f6534d15148269b20352e7bee26f501f9a191290"

decrease@^0.22.0:
  version "0.22.0"
  resolved "https://registry.yarnpkg.com/decrease/-/decrease-0.22.0.tgz#888abc1e732d8099bbe4d2bd01c59c5aac60235e"
  dependencies:
    arkount "^0.7.0"
    babel-runtime "^6.23.0"
    doubt "^0.26.0"
    falzy "^0.19.0"
    protype "^0.21.0"
    raze "^0.29.0"
    truly "^0.18.0"

defyn@^0.2.0:
  version "0.2.0"
  resolved "https://registry.yarnpkg.com/defyn/-/defyn-0.2.0.tgz#c25b87398991407ffccb717fb0d788c7ae483f3d"
  dependencies:
    allkey "^0.1.0"
    anykey "^0.1.0"
    asyum "^0.3.0"
    babel-runtime "^6.23.0"
    dscrb "^0.2.0"
    falzy "^0.19.0"
    harden "^0.21.0"
    kein "^0.23.0"
    protype "^0.21.0"
    truly "^0.18.0"
    wichevr "^0.9.0"
    zelf "^0.11.0"

dephall@^0.28.0:
  version "0.28.0"
  resolved "https://registry.yarnpkg.com/dephall/-/dephall-0.28.0.tgz#b3dfb133668752ea409339f284f7084407997712"
  dependencies:
    arid "^0.25.0"
    babel-runtime "^6.23.0"
    doubt "^0.26.0"
    falze "^0.22.0"
    leveld "^0.3.0"
    pyck "^0.26.0"
    raze "^0.29.0"
    truly "^0.18.0"
    zelf "^0.11.0"

depher@^0.30.0:
  version "0.30.0"
  resolved "https://registry.yarnpkg.com/depher/-/depher-0.30.0.tgz#e7eb08bfda2c699dff4b91bdf996c0f57a3dd02e"
  dependencies:
    babel-runtime "^6.23.0"
    dephall "^0.28.0"
    doubt "^0.26.0"
    falze "^0.22.0"
    raze "^0.29.0"
    zelf "^0.11.0"

diatom@^0.25.0:
  version "0.25.0"
  resolved "https://registry.yarnpkg.com/diatom/-/diatom-0.25.0.tgz#ca53c2d47c73921476135d690b26cee92c5f6bd0"
  dependencies:
    arid "^0.25.0"
    babel-runtime "^6.23.0"
    budge "^0.25.0"
    burne "^0.1.0"
    falzy "^0.19.0"
    komento "^0.26.0"
    llamalize "^0.14.0"
    protype "^0.21.0"

disdo@^0.14.0:
  version "0.14.0"
  resolved "https://registry.yarnpkg.com/disdo/-/disdo-0.14.0.tgz#2297d0b7d184a3c3b3b762f2570f6024085df78c"
  dependencies:
    babel-runtime "^6.23.0"
    falzy "^0.19.0"
    protype "^0.21.0"

doubt@^0.26.0:
  version "0.26.0"
  resolved "https://registry.yarnpkg.com/doubt/-/doubt-0.26.0.tgz#467a4c4470f39a66258675d62c796769a5f2be48"
  dependencies:
    babel-runtime "^6.23.0"
    cemento "^0.15.0"
    circular-json "^0.3.1"
    falzy "^0.19.0"
    harden "^0.21.0"
    khount "^0.0.0"
    protype "^0.21.0"
    stringe "^0.3.0"
    truly "^0.18.0"

dscrb@^0.2.0:
  version "0.2.0"
  resolved "https://registry.yarnpkg.com/dscrb/-/dscrb-0.2.0.tgz#af6fa70c048f9956b60d3d0d480a22999af13018"
  dependencies:
    allkey "^0.1.0"
    anykey "^0.1.0"
    babel-runtime "^6.23.0"
    falzy "^0.19.0"
    harden "^0.21.0"
    kein "^0.23.0"
    protype "^0.21.0"
    zelf "^0.11.0"

een@^0.18.0:
  version "0.18.0"
  resolved "https://registry.yarnpkg.com/een/-/een-0.18.0.tgz#a70ecdb5deff1f2edaeeacecd48001188a89639b"
  dependencies:
    babel-runtime "^6.23.0"
    doubt "^0.26.0"
    eqe "^0.2.0"
    protype "^0.21.0"
    raze "^0.29.0"
    truly "^0.18.0"

empt@^0.22.0:
  version "0.22.0"
  resolved "https://registry.yarnpkg.com/empt/-/empt-0.22.0.tgz#76ef79eae7440fd8bfbd815813127006808f0374"
  dependencies:
    babel-runtime "^6.23.0"
    doubt "^0.26.0"
    kount "^0.10.0"
    protype "^0.21.0"

eqe@^0.2.0:
  version "0.2.0"
  resolved "https://registry.yarnpkg.com/eqe/-/eqe-0.2.0.tgz#5727b518c9aebd66de1c1b1263f770424ef97a12"
  dependencies:
    babel-runtime "^6.23.0"
    nafe "^0.2.0"
    protype "^0.21.0"
    stringe "^0.3.0"

falze@^0.22.0:
  version "0.22.0"
  resolved "https://registry.yarnpkg.com/falze/-/falze-0.22.0.tgz#5de6fd771271eea39a52147e7a3488301f615cdf"
  dependencies:
    arid "^0.25.0"
    babel-runtime "^6.23.0"
    doubt "^0.26.0"
    empt "^0.22.0"
    falzy "^0.19.0"
    protype "^0.21.0"

falzy@^0.19.0:
  version "0.19.0"
  resolved "https://registry.yarnpkg.com/falzy/-/falzy-0.19.0.tgz#772829b05585450ca5b1a9436de0ff40cf5819cb"
  dependencies:
    babel-runtime "^6.23.0"

filled@^0.21.0:
  version "0.21.0"
  resolved "https://registry.yarnpkg.com/filled/-/filled-0.21.0.tgz#e6498c2947ae22ffaa453d74b084113c16e73fb4"
  dependencies:
    arkount "^0.7.0"
    babel-runtime "^6.23.0"
    doubt "^0.26.0"

fname@^0.5.0:
  version "0.5.0"
  resolved "https://registry.yarnpkg.com/fname/-/fname-0.5.0.tgz#d0a2b77d5ea147770c12d8559f8919aa58fc7fa1"
  dependencies:
    babel-runtime "^6.23.0"
    falzy "^0.19.0"
    mtch "^0.1.0"
    protype "^0.21.0"
    truly "^0.18.0"

fnamed@^0.6.0:
  version "0.6.0"
  resolved "https://registry.yarnpkg.com/fnamed/-/fnamed-0.6.0.tgz#4f4c948afeb75c40db17df579db9772df0931214"
  dependencies:
    babel-runtime "^6.23.0"
    falzy "^0.19.0"
    fname "^0.5.0"
    protype "^0.21.0"
    truly "^0.18.0"

handlebars@^4.0.8:
  version "4.0.8"
  resolved "https://registry.yarnpkg.com/handlebars/-/handlebars-4.0.8.tgz#22b875cd3f0e6cbea30314f144e82bc7a72ff420"
  dependencies:
    async "^1.4.0"
    optimist "^0.6.1"
    source-map "^0.4.4"
  optionalDependencies:
    uglify-js "^2.6"

harden@^0.21.0:
  version "0.21.0"
  resolved "https://registry.yarnpkg.com/harden/-/harden-0.21.0.tgz#c3ca5e255e440fc5e6e996acb21515bb892bff49"
  dependencies:
    babel-runtime "^6.23.0"

hashids@^1.1.1:
  version "1.1.1"
  resolved "https://registry.yarnpkg.com/hashids/-/hashids-1.1.1.tgz#3c36fcc5b3ba1a96a8fa67a632eb7877c41c6d3e"

impel@^0.14.0:
  version "0.14.0"
  resolved "https://registry.yarnpkg.com/impel/-/impel-0.14.0.tgz#0f4bf0f03a66d03a6682f1960bfd9572dd0a1188"
  dependencies:
    babel-runtime "^6.23.0"
    falzy "^0.19.0"
    protype "^0.21.0"
    wichevr "^0.9.0"
    zelf "^0.11.0"

is-buffer@^1.1.5:
  version "1.1.5"
  resolved "https://registry.yarnpkg.com/is-buffer/-/is-buffer-1.1.5.tgz#1f3b26ef613b214b88cbca23cc6c01d87961eecc"

kein@^0.23.0:
  version "0.23.0"
  resolved "https://registry.yarnpkg.com/kein/-/kein-0.23.0.tgz#fd7f1f9a45853ce6f882ab3246e4c6e3b8b97a55"
  dependencies:
    babel-runtime "^6.23.0"
    falzy "^0.19.0"
    fnamed "^0.6.0"
    portel "^0.3.0"
    protype "^0.21.0"
    zelf "^0.11.0"

khount@^0.0.0:
  version "0.0.0"
  resolved "https://registry.yarnpkg.com/khount/-/khount-0.0.0.tgz#7c7f369ae5d0ef5499dca14eeb168bb4b4b29e6d"
  dependencies:
    babel-runtime "^6.23.0"

kind-of@^3.0.2:
  version "3.2.0"
  resolved "https://registry.yarnpkg.com/kind-of/-/kind-of-3.2.0.tgz#b58abe4d5c044ad33726a8c1525b48cf891bff07"
  dependencies:
    is-buffer "^1.1.5"

kloak@^0.21.0:
  version "0.21.0"
  resolved "https://registry.yarnpkg.com/kloak/-/kloak-0.21.0.tgz#4114d9fbfb05fa70465ff1260a7dbe9f9efcb83b"
  dependencies:
    babel-runtime "^6.23.0"
    burne "^0.1.0"
    cagd "^0.1.0"
    falzy "^0.19.0"
    fname "^0.5.0"
    impel "^0.14.0"
    mrkd "^0.2.0"
    protype "^0.21.0"
    transpher "^0.23.0"
    truly "^0.18.0"
    wichevr "^0.9.0"

komento@^0.26.0:
  version "0.26.0"
  resolved "https://registry.yarnpkg.com/komento/-/komento-0.26.0.tgz#90ba82047c98b0ca6bf038ddf14b71186a0c2213"
  dependencies:
    babel-runtime "^6.23.0"
    depher "^0.30.0"
    falzy "^0.19.0"
    handlebars "^4.0.8"
    protype "^0.21.0"
    realign "^0.16.0"
    stringe "^0.3.0"
    stuffed "^0.22.0"
    truly "^0.18.0"
    wichevr "^0.9.0"

kount@^0.10.0:
  version "0.10.0"
  resolved "https://registry.yarnpkg.com/kount/-/kount-0.10.0.tgz#92f6dc18a5c8e8844e29a93aec268b58ad92f53b"
  dependencies:
    babel-runtime "^6.23.0"

kurse@^0.14.0:
  version "0.14.0"
  resolved "https://registry.yarnpkg.com/kurse/-/kurse-0.14.0.tgz#e21413acb63c0e940f5f9e99cad5787f646614b3"
  dependencies:
    babel-runtime "^6.23.0"
    cuid "^1.3.8"
    een "^0.18.0"
    harden "^0.21.0"
    kein "^0.23.0"
    protype "^0.21.0"
    truly "^0.18.0"

lazy-cache@^1.0.3:
  version "1.0.4"
  resolved "https://registry.yarnpkg.com/lazy-cache/-/lazy-cache-1.0.4.tgz#a1d78fc3a50474cb80845d3b3b6e1da49a446e8e"

letgo@^0.28.0:
  version "0.28.0"
  resolved "https://registry.yarnpkg.com/letgo/-/letgo-0.28.0.tgz#879c9f4d617f7ba4c41b03efbf70162977a6d80b"
  dependencies:
    arid "^0.25.0"
    babel-runtime "^6.23.0"
    budge "^0.25.0"
    called "^0.25.0"
    depher "^0.30.0"
    filled "^0.21.0"
    harden "^0.21.0"
    protype "^0.21.0"
    truly "^0.18.0"
    zelf "^0.11.0"

leveld@^0.3.0:
  version "0.3.0"
  resolved "https://registry.yarnpkg.com/leveld/-/leveld-0.3.0.tgz#b5ebeb5cd1339e8dccbde969e5219656e4746771"
  dependencies:
    arid "^0.25.0"
    babel-runtime "^6.23.0"
    decrease "^0.22.0"
    doubt "^0.26.0"
    falzy "^0.19.0"
    protype "^0.21.0"
    raze "^0.29.0"

llamalize@^0.14.0:
  version "0.14.0"
  resolved "https://registry.yarnpkg.com/llamalize/-/llamalize-0.14.0.tgz#2fca984a2ddbf2f69028f663138a4cc1b064a938"
  dependencies:
    babel-runtime "^6.23.0"
    falzy "^0.19.0"
    protype "^0.21.0"
    titlelize "^0.15.0"

lodash@^4.17.4:
  version "4.17.4"
  resolved "https://registry.yarnpkg.com/lodash/-/lodash-4.17.4.tgz#78203a4d1c328ae1d86dca6460e369b57f4055ae"

longest@^1.0.1:
  version "1.0.1"
  resolved "https://registry.yarnpkg.com/longest/-/longest-1.0.1.tgz#30a0b2da38f73770e8294a0d22e6625ed77d0097"

lz-string@^1.4.4:
  version "1.4.4"
  resolved "https://registry.yarnpkg.com/lz-string/-/lz-string-1.4.4.tgz#c0d8eaf36059f705796e1e344811cf4c498d3a26"

minimist@~0.0.1:
  version "0.0.10"
  resolved "https://registry.yarnpkg.com/minimist/-/minimist-0.0.10.tgz#de3f98543dbf96082be48ad1a0c7cda836301dcf"

mrkd@^0.2.0:
  version "0.2.0"
  resolved "https://registry.yarnpkg.com/mrkd/-/mrkd-0.2.0.tgz#625ac9f40b59677739a1fd5114b41eb4c030d31b"
  dependencies:
    babel-runtime "^6.23.0"
    depher "^0.30.0"
    falzy "^0.19.0"
    kein "^0.23.0"
    protype "^0.21.0"
    raze "^0.29.0"
    zelf "^0.11.0"

mtch@^0.1.0:
  version "0.1.0"
  resolved "https://registry.yarnpkg.com/mtch/-/mtch-0.1.0.tgz#eed1a27b0f54228e580adb7b545e78600f1d36d2"
  dependencies:
    babel-runtime "^6.23.0"
    falzy "^0.19.0"
    protype "^0.21.0"
    raze "^0.29.0"
    stringe "^0.3.0"
    truly "^0.18.0"
    wichevr "^0.9.0"

nafe@^0.2.0:
  version "0.2.0"
  resolved "https://registry.yarnpkg.com/nafe/-/nafe-0.2.0.tgz#955067db4f11fde03ca0018540e60cbbab93ffdc"
  dependencies:
    babel-runtime "^6.23.0"
    falzy "^0.19.0"
    protype "^0.21.0"
    stringe "^0.3.0"

node-fingerprint@0.0.2:
  version "0.0.2"
  resolved "https://registry.yarnpkg.com/node-fingerprint/-/node-fingerprint-0.0.2.tgz#31cbabeb71a67ae7dd5a7dc042e51c3c75868501"

node-uuid@^1.4.8:
  version "1.4.8"
  resolved "https://registry.yarnpkg.com/node-uuid/-/node-uuid-1.4.8.tgz#b040eb0923968afabf8d32fb1f17f1167fdab907"

numric@^0.14.0:
  version "0.14.0"
  resolved "https://registry.yarnpkg.com/numric/-/numric-0.14.0.tgz#464d8b4821b4e5e68fcad278c646004de32f39a6"
  dependencies:
    babel-runtime "^6.23.0"
    protype "^0.21.0"
    stringe "^0.3.0"
    truly "^0.18.0"

optall@^0.20.0:
  version "0.20.0"
  resolved "https://registry.yarnpkg.com/optall/-/optall-0.20.0.tgz#2a48488edb03dd30c5ad5a9d52dcecae25756269"
  dependencies:
    babel-runtime "^6.23.0"
    doubt "^0.26.0"
    falze "^0.22.0"
    protype "^0.21.0"
    pyck "^0.26.0"
    zelf "^0.11.0"

optfor@^0.25.0:
  version "0.25.0"
  resolved "https://registry.yarnpkg.com/optfor/-/optfor-0.25.0.tgz#cb00231d00c4f8385eed859e778a00d1c9367434"
  dependencies:
    babel-runtime "^6.23.0"
    doubt "^0.26.0"
    falze "^0.22.0"
    optall "^0.20.0"
    protype "^0.21.0"
    zelf "^0.11.0"

optimist@^0.6.1:
  version "0.6.1"
  resolved "https://registry.yarnpkg.com/optimist/-/optimist-0.6.1.tgz#da3ea74686fa21a19a111c326e90eb15a0196686"
  dependencies:
    minimist "~0.0.1"
    wordwrap "~0.0.2"

plough@^0.24.0:
  version "0.24.0"
  resolved "https://registry.yarnpkg.com/plough/-/plough-0.24.0.tgz#7af9ad4636609e7857e3f54930476254e1788556"
  dependencies:
    arid "^0.25.0"
    babel-runtime "^6.23.0"
    decrease "^0.22.0"
    doubt "^0.26.0"
    raze "^0.29.0"

portel@^0.3.0:
  version "0.3.0"
  resolved "https://registry.yarnpkg.com/portel/-/portel-0.3.0.tgz#532b5817ce5c1697fc65e34ca7eadb28c8e6152c"
  dependencies:
    babel-runtime "^6.23.0"
    protype "^0.21.0"

pringe@^0.12.0:
  version "0.12.0"
  resolved "https://registry.yarnpkg.com/pringe/-/pringe-0.12.0.tgz#dc7abea71f5f29449b275bdf6c0a0c9bfca85ab3"
  dependencies:
    babel-runtime "^6.23.0"
    kurse "^0.14.0"
    plough "^0.24.0"
    stringe "^0.3.0"
    sxty4 "^0.9.0"
    truly "^0.18.0"
    zelf "^0.11.0"

protease@^0.20.0:
  version "0.20.0"
  resolved "https://registry.yarnpkg.com/protease/-/protease-0.20.0.tgz#0162fa94711421a0de5d8eafd1740ec6be3c81e0"
  dependencies:
    babel-runtime "^6.23.0"
    falzy "^0.19.0"
    fname "^0.5.0"
    impel "^0.14.0"
    kein "^0.23.0"
    protype "^0.21.0"

protype@^0.21.0:
  version "0.21.0"
  resolved "https://registry.yarnpkg.com/protype/-/protype-0.21.0.tgz#958452abbaa6daaa8e79386179b220477e2dca7c"
  dependencies:
    babel-runtime "^6.23.0"
    cemento "^0.15.0"
    harden "^0.21.0"

pyck@^0.26.0:
  version "0.26.0"
  resolved "https://registry.yarnpkg.com/pyck/-/pyck-0.26.0.tgz#e87b3048535304502d7dc52d063b7afb58094905"
  dependencies:
    babel-runtime "^6.23.0"
    clazof "^0.25.0"
    doubt "^0.26.0"
    falzy "^0.19.0"
    protype "^0.21.0"
    raze "^0.29.0"
    truly "^0.18.0"
    zelf "^0.11.0"

raze@^0.29.0:
  version "0.29.0"
  resolved "https://registry.yarnpkg.com/raze/-/raze-0.29.0.tgz#5a4fa7370aa77a1d40aa975d9a0cbbc88b9c042e"
  dependencies:
    babel-runtime "^6.23.0"
    doubt "^0.26.0"

realign@^0.16.0:
  version "0.16.0"
  resolved "https://registry.yarnpkg.com/realign/-/realign-0.16.0.tgz#ac3fbab6d6fc05902859ed078382a9ca2bf69d93"
  dependencies:
    babel-runtime "^6.23.0"
    falzy "^0.19.0"
    protype "^0.21.0"
    truly "^0.18.0"
    wichevr "^0.9.0"

regenerator-runtime@^0.10.0:
  version "0.10.5"
  resolved "https://registry.yarnpkg.com/regenerator-runtime/-/regenerator-runtime-0.10.5.tgz#336c3efc1220adcedda2c9fab67b5a7955a33658"

repeat-string@^1.5.2:
  version "1.6.1"
  resolved "https://registry.yarnpkg.com/repeat-string/-/repeat-string-1.6.1.tgz#8dcae470e1c88abc2d600fff4a776286da75e637"

right-align@^0.1.1:
  version "0.1.3"
  resolved "https://registry.yarnpkg.com/right-align/-/right-align-0.1.3.tgz#61339b722fe6a3515689210d24e14c96148613ef"
  dependencies:
    align-text "^0.1.1"

secrets.js@^0.1.8:
  version "0.1.8"
  resolved "https://registry.yarnpkg.com/secrets.js/-/secrets.js-0.1.8.tgz#5b0517fadc7a8ef72082a89daa213a3f40aeb5a4"

snapd@^0.22.0:
  version "0.22.0"
  resolved "https://registry.yarnpkg.com/snapd/-/snapd-0.22.0.tgz#030e2b82ea5e1257294bc5798f45f2dbb108de86"
  dependencies:
    asea "^0.13.0"
    babel-runtime "^6.23.0"
    budge "^0.25.0"
    harden "^0.21.0"
    impel "^0.14.0"
    kein "^0.23.0"
    letgo "^0.28.0"
    pringe "^0.12.0"
    protype "^0.21.0"
    truly "^0.18.0"
    zelf "^0.11.0"

source-map@^0.4.4:
  version "0.4.4"
  resolved "https://registry.yarnpkg.com/source-map/-/source-map-0.4.4.tgz#eba4f5da9c0dc999de68032d8b4f76173652036b"
  dependencies:
    amdefine ">=0.0.4"

source-map@~0.5.1:
  version "0.5.6"
  resolved "https://registry.yarnpkg.com/source-map/-/source-map-0.5.6.tgz#75ce38f52bf0733c5a7f0c118d81334a2bb5f412"

stringe@^0.3.0:
  version "0.3.0"
  resolved "https://registry.yarnpkg.com/stringe/-/stringe-0.3.0.tgz#9246b545ac96d459643af40dacfdbb49ec172378"
  dependencies:
    babel-runtime "^6.23.0"

stuffed@^0.22.0:
  version "0.22.0"
  resolved "https://registry.yarnpkg.com/stuffed/-/stuffed-0.22.0.tgz#6c5a8851fecd3d77ee52dde480ce3ac4cb6d0311"
  dependencies:
    babel-runtime "^6.23.0"
    doubt "^0.26.0"
    kount "^0.10.0"
    protype "^0.21.0"
    truly "^0.18.0"

sxty4@^0.9.0:
  version "0.9.0"
  resolved "https://registry.yarnpkg.com/sxty4/-/sxty4-0.9.0.tgz#b542452ff0a07bf5ce3017714481e447fb21ea92"
  dependencies:
    asea "^0.13.0"
    babel-runtime "^6.23.0"
    falzy "^0.19.0"
    harden "^0.21.0"
    protype "^0.21.0"

titlelize@^0.15.0:
  version "0.15.0"
  resolved "https://registry.yarnpkg.com/titlelize/-/titlelize-0.15.0.tgz#a1dea0ab7405c39ccd52e682380b87d9ac2ac8b4"
  dependencies:
    babel-runtime "^6.23.0"
    disdo "^0.14.0"
    falzy "^0.19.0"
    protype "^0.21.0"

transpher@^0.23.0:
  version "0.23.0"
  resolved "https://registry.yarnpkg.com/transpher/-/transpher-0.23.0.tgz#ecffc1b682d30e9c222af8822c62cc42c4de99e8"
  dependencies:
    babel-runtime "^6.23.0"
    coprop "^0.2.0"
    falzy "^0.19.0"
    kein "^0.23.0"
    wichevr "^0.9.0"

truly@^0.18.0:
  version "0.18.0"
  resolved "https://registry.yarnpkg.com/truly/-/truly-0.18.0.tgz#333c3f312083e31bbc601ccb95919ddafb14f4e3"
  dependencies:
    babel-runtime "^6.23.0"

truu@^0.25.0:
  version "0.25.0"
  resolved "https://registry.yarnpkg.com/truu/-/truu-0.25.0.tgz#65045cc6a0657e7efb3fba215ebce8474977c3dc"
  dependencies:
    babel-runtime "^6.23.0"
    doubt "^0.26.0"
    filled "^0.21.0"
    protype "^0.21.0"
    stuffed "^0.22.0"
    truly "^0.18.0"

u200b@^0.25.0:
  version "0.25.0"
  resolved "https://registry.yarnpkg.com/u200b/-/u200b-0.25.0.tgz#e4bc7f640d094c9c6684710beefd603ca3c4900f"
  dependencies:
    arid "^0.25.0"
    babel-runtime "^6.23.0"
    clazof "^0.25.0"
    diatom "^0.25.0"
    falzy "^0.19.0"
    harden "^0.21.0"
    optfor "^0.25.0"
    plough "^0.24.0"
    protype "^0.21.0"
    stringe "^0.3.0"
    truly "^0.18.0"
    wichevr "^0.9.0"

uglify-js@^2.6:
  version "2.8.22"
  resolved "https://registry.yarnpkg.com/uglify-js/-/uglify-js-2.8.22.tgz#d54934778a8da14903fa29a326fb24c0ab51a1a0"
  dependencies:
    source-map "~0.5.1"
    yargs "~3.10.0"
  optionalDependencies:
    uglify-to-browserify "~1.0.0"

uglify-to-browserify@~1.0.0:
  version "1.0.2"
  resolved "https://registry.yarnpkg.com/uglify-to-browserify/-/uglify-to-browserify-1.0.2.tgz#6e0924d6bda6b5afe349e39a6d632850a0f882b7"

wauker@^0.12.0:
  version "0.12.0"
  resolved "https://registry.yarnpkg.com/wauker/-/wauker-0.12.0.tgz#5cf89fdc39202956e7594aac6b20cc3ae2a84f4a"
  dependencies:
    babel-runtime "^6.23.0"
    een "^0.18.0"
    falzy "^0.19.0"
    protease "^0.20.0"
    protype "^0.21.0"

wichevr@^0.9.0:
  version "0.9.0"
  resolved "https://registry.yarnpkg.com/wichevr/-/wichevr-0.9.0.tgz#7aec8adf7b7becba997774a13cc10f88df89566f"
  dependencies:
    babel-runtime "^6.23.0"
    raze "^0.29.0"
    truly "^0.18.0"

window-size@0.1.0:
  version "0.1.0"
  resolved "https://registry.yarnpkg.com/window-size/-/window-size-0.1.0.tgz#5438cd2ea93b202efa3a19fe8887aee7c94f9c9d"

wordwrap@0.0.2:
  version "0.0.2"
  resolved "https://registry.yarnpkg.com/wordwrap/-/wordwrap-0.0.2.tgz#b79669bb42ecb409f83d583cad52ca17eaa1643f"

wordwrap@~0.0.2:
  version "0.0.3"
  resolved "https://registry.yarnpkg.com/wordwrap/-/wordwrap-0.0.3.tgz#a3d5da6cd5c0bc0008d37234bbaf1bed63059107"

wrtble@^0.2.0:
  version "0.2.0"
  resolved "https://registry.yarnpkg.com/wrtble/-/wrtble-0.2.0.tgz#adeeeeec30ad8cc6d4ba24a94cb9dfbf67ff9e4c"
  dependencies:
    asyum "^0.3.0"
    babel-runtime "^6.23.0"
    dscrb "^0.2.0"
    zelf "^0.11.0"

yargs@~3.10.0:
  version "3.10.0"
  resolved "https://registry.yarnpkg.com/yargs/-/yargs-3.10.0.tgz#f7ee7bd857dd7c1d2d38c0e74efbd681d1431fd1"
  dependencies:
    camelcase "^1.0.2"
    cliui "^2.1.0"
    decamelize "^1.0.0"
    window-size "0.1.0"

zelf@^0.11.0:
  version "0.11.0"
  resolved "https://registry.yarnpkg.com/zelf/-/zelf-0.11.0.tgz#ff6967b0206f8de00354dd439eb98cc4c5a4415d"
  dependencies:
    asea "^0.13.0"
    babel-runtime "^6.23.0"
