# THIS IS AN AUTOGENERATED FILE. DO NOT EDIT THIS FILE DIRECTLY.
# yarn lockfile v1


align-text@^0.1.1, align-text@^0.1.3:
  version "0.1.4"
  resolved "https://registry.yarnpkg.com/align-text/-/align-text-0.1.4.tgz#0cd90a561093f35d0a99256c22b7069433fad117"
  dependencies:
    kind-of "^3.0.2"
    longest "^1.0.1"
    repeat-string "^1.5.2"

amdefine@>=0.0.4:
  version "1.0.1"
  resolved "https://registry.yarnpkg.com/amdefine/-/amdefine-1.0.1.tgz#4a5282ac164729e93619bcfd3ad151f817ce91f5"

arid@^0.24.0:
  version "0.24.0"
  resolved "https://registry.yarnpkg.com/arid/-/arid-0.24.0.tgz#2fec02ebde325f7cff8d039612b00ab79fed9bc9"
  dependencies:
    arkount "^0.6.0"
    babel-runtime "^6.23.0"
    doubt "^0.25.0"

arkount@^0.6.0:
  version "0.6.0"
  resolved "https://registry.yarnpkg.com/arkount/-/arkount-0.6.0.tgz#70471cfb68d56b6373c247cecf973c63db2d7733"
  dependencies:
    babel-runtime "^6.23.0"
    doubt "^0.25.0"
    raze "^0.27.0"
    truly "^0.18.0"
    wichevr "^0.8.0"

asea@^0.13.0:
  version "0.13.0"
  resolved "https://registry.yarnpkg.com/asea/-/asea-0.13.0.tgz#80ae9421fe5614432c2324a7850ea13184242277"
  dependencies:
    babel-runtime "^6.23.0"
    harden "^0.21.0"

async@^1.4.0:
  version "1.5.2"
  resolved "https://registry.yarnpkg.com/async/-/async-1.5.2.tgz#ec6a61ae56480c0c3cb241c95618e20892f9672a"

ate@^0.16.0:
  version "0.16.0"
  resolved "https://registry.yarnpkg.com/ate/-/ate-0.16.0.tgz#ffcfd019a542ce57f8fe68e3e3da1a4a84687e24"
  dependencies:
    babel-runtime "^6.23.0"
    falzy "^0.19.0"
    protype "^0.21.0"
    zelf "^0.11.0"

babel-runtime@^6.23.0:
  version "6.23.0"
  resolved "https://registry.yarnpkg.com/babel-runtime/-/babel-runtime-6.23.0.tgz#0a9489f144de70efb3ce4300accdb329e2fc543b"
  dependencies:
    core-js "^2.4.0"
    regenerator-runtime "^0.10.0"

browser-fingerprint@0.0.1:
  version "0.0.1"
  resolved "https://registry.yarnpkg.com/browser-fingerprint/-/browser-fingerprint-0.0.1.tgz#8df3cdca25bf7d5b3542d61545d730053fce604a"

budge@^0.23.0:
  version "0.23.0"
  resolved "https://registry.yarnpkg.com/budge/-/budge-0.23.0.tgz#d4a1a8fd809df5249a9aa7047e8809117ab277cb"
  dependencies:
    arkount "^0.6.0"
    babel-runtime "^6.23.0"
    depher "^0.28.0"
    doubt "^0.25.0"
    raze "^0.27.0"

called@^0.23.0:
  version "0.23.0"
  resolved "https://registry.yarnpkg.com/called/-/called-0.23.0.tgz#0f07f42e138057401226afdaec394efda53debeb"
  dependencies:
    babel-runtime "^6.23.0"
    depher "^0.28.0"
    harden "^0.21.0"
    kloak "^0.17.0"
    raze "^0.27.0"
    wichevr "^0.8.0"
    zelf "^0.11.0"

camelcase@^1.0.2:
  version "1.2.1"
  resolved "https://registry.yarnpkg.com/camelcase/-/camelcase-1.2.1.tgz#9bb5304d2e0b56698b2c758b08a3eaa9daa58a39"

cemento@^0.15.0:
  version "0.15.0"
  resolved "https://registry.yarnpkg.com/cemento/-/cemento-0.15.0.tgz#77fe5818c3c67975d47f974df052bea9739ff5a5"
  dependencies:
    babel-runtime "^6.23.0"
    harden "^0.21.0"
    kount "^0.10.0"

center-align@^0.1.1:
  version "0.1.3"
  resolved "https://registry.yarnpkg.com/center-align/-/center-align-0.1.3.tgz#aa0d32629b6ee972200411cbd4461c907bc2b7ad"
  dependencies:
    align-text "^0.1.3"
    lazy-cache "^1.0.3"

circular-json@^0.3.1:
  version "0.3.1"
  resolved "https://registry.yarnpkg.com/circular-json/-/circular-json-0.3.1.tgz#be8b36aefccde8b3ca7aa2d6afc07a37242c0d2d"

clazof@^0.22.0:
  version "0.22.0"
  resolved "https://registry.yarnpkg.com/clazof/-/clazof-0.22.0.tgz#93c98151089eaf3d02c1c37afa2f7eef8d130fd6"
  dependencies:
    babel-runtime "^6.23.0"
    falzy "^0.19.0"
    portel "^0.3.0"
    protype "^0.21.0"
    raze "^0.27.0"
    stringe "^0.2.0"
    wauker "^0.9.0"

cliui@^2.1.0:
  version "2.1.0"
  resolved "https://registry.yarnpkg.com/cliui/-/cliui-2.1.0.tgz#4b475760ff80264c762c3a1719032e91c7fea0d1"
  dependencies:
    center-align "^0.1.1"
    right-align "^0.1.1"
    wordwrap "0.0.2"

core-js@^1.1.1:
  version "1.2.7"
  resolved "https://registry.yarnpkg.com/core-js/-/core-js-1.2.7.tgz#652294c14651db28fa93bd2d5ff2983a4f08c636"

core-js@^2.4.0:
  version "2.4.1"
  resolved "https://registry.yarnpkg.com/core-js/-/core-js-2.4.1.tgz#4de911e667b0eae9124e34254b53aea6fc618d3e"

cuid@^1.3.8:
  version "1.3.8"
  resolved "https://registry.yarnpkg.com/cuid/-/cuid-1.3.8.tgz#4b875e0969bad764f7ec0706cf44f5fb0831f6b7"
  dependencies:
    browser-fingerprint "0.0.1"
    core-js "^1.1.1"
    node-fingerprint "0.0.2"

decamelize@^1.0.0:
  version "1.2.0"
  resolved "https://registry.yarnpkg.com/decamelize/-/decamelize-1.2.0.tgz#f6534d15148269b20352e7bee26f501f9a191290"

decrease@^0.21.0:
  version "0.21.0"
  resolved "https://registry.yarnpkg.com/decrease/-/decrease-0.21.0.tgz#2ec78ea8ce2a1eb43d56247088f5a2f2cfc92541"
  dependencies:
    arkount "^0.6.0"
    babel-runtime "^6.23.0"
    doubt "^0.25.0"
    falzy "^0.19.0"
    protype "^0.21.0"
    raze "^0.27.0"
    truly "^0.18.0"

dephall@^0.26.0:
  version "0.26.0"
  resolved "https://registry.yarnpkg.com/dephall/-/dephall-0.26.0.tgz#80200837a085b7f15b9f20eeac6947c7546c098e"
  dependencies:
    arid "^0.24.0"
    babel-runtime "^6.23.0"
    doubt "^0.25.0"
    falze "^0.21.0"
    leveld "^0.1.0"
    pyck "^0.24.0"
    raze "^0.27.0"
    truly "^0.18.0"
    zelf "^0.11.0"

depher@^0.28.0:
  version "0.28.0"
  resolved "https://registry.yarnpkg.com/depher/-/depher-0.28.0.tgz#4c767c0e1e6f357662632a9e3079cc412438d249"
  dependencies:
    babel-runtime "^6.23.0"
    dephall "^0.26.0"
    doubt "^0.25.0"
    falze "^0.21.0"
    raze "^0.27.0"
    zelf "^0.11.0"

diatom@^0.22.0:
  version "0.22.0"
  resolved "https://registry.yarnpkg.com/diatom/-/diatom-0.22.0.tgz#aea8805f92023275bfc20b0b5e233fc2f429e80d"
  dependencies:
    arid "^0.24.0"
    babel-runtime "^6.23.0"
    budge "^0.23.0"
    falzy "^0.19.0"
    harden "^0.21.0"
    komento "^0.24.0"
    llamalize "^0.14.0"
    protype "^0.21.0"

disdo@^0.14.0:
  version "0.14.0"
  resolved "https://registry.yarnpkg.com/disdo/-/disdo-0.14.0.tgz#2297d0b7d184a3c3b3b762f2570f6024085df78c"
  dependencies:
    babel-runtime "^6.23.0"
    falzy "^0.19.0"
    protype "^0.21.0"

doubt@^0.25.0:
  version "0.25.0"
  resolved "https://registry.yarnpkg.com/doubt/-/doubt-0.25.0.tgz#81d38fcd79cb642c1d292421ac1f47f902f49616"
  dependencies:
    babel-runtime "^6.23.0"
    cemento "^0.15.0"
    circular-json "^0.3.1"
    falzy "^0.19.0"
    harden "^0.21.0"
    khount "^0.0.0"
    protype "^0.21.0"
    stringe "^0.2.0"

een@^0.17.0:
  version "0.17.0"
  resolved "https://registry.yarnpkg.com/een/-/een-0.17.0.tgz#b10641275eadf5bb77e6e30d39ee12fadb95ce32"
  dependencies:
    babel-runtime "^6.23.0"
    doubt "^0.25.0"
    eqe "^0.1.0"
    protype "^0.21.0"
    raze "^0.27.0"
    truly "^0.18.0"

empt@^0.21.0:
  version "0.21.0"
  resolved "https://registry.yarnpkg.com/empt/-/empt-0.21.0.tgz#256b842b0c176ad41abe8909c5d2fe996c516d6c"
  dependencies:
    babel-runtime "^6.23.0"
    doubt "^0.25.0"
    kount "^0.10.0"
    protype "^0.21.0"

eqe@^0.1.0:
  version "0.1.0"
  resolved "https://registry.yarnpkg.com/eqe/-/eqe-0.1.0.tgz#ede001bd233ce9b284300c3762cc6e4f96242bf6"
  dependencies:
    babel-runtime "^6.23.0"
    nafe "^0.1.0"
    protype "^0.21.0"
    stringe "^0.2.0"

falze@^0.21.0:
  version "0.21.0"
  resolved "https://registry.yarnpkg.com/falze/-/falze-0.21.0.tgz#ecfa07753f31da47d7c62e9b4299928746680146"
  dependencies:
    arid "^0.24.0"
    babel-runtime "^6.23.0"
    doubt "^0.25.0"
    empt "^0.21.0"
    falzy "^0.19.0"
    protype "^0.21.0"

falzy@^0.19.0:
  version "0.19.0"
  resolved "https://registry.yarnpkg.com/falzy/-/falzy-0.19.0.tgz#772829b05585450ca5b1a9436de0ff40cf5819cb"
  dependencies:
    babel-runtime "^6.23.0"

filled@^0.20.0:
  version "0.20.0"
  resolved "https://registry.yarnpkg.com/filled/-/filled-0.20.0.tgz#4fa445982b4cdef8cf4a1ed8707a568dbc4c4523"
  dependencies:
    arkount "^0.6.0"
    babel-runtime "^6.23.0"
    doubt "^0.25.0"

handlebars@^4.0.6:
  version "4.0.6"
  resolved "https://registry.yarnpkg.com/handlebars/-/handlebars-4.0.6.tgz#2ce4484850537f9c97a8026d5399b935c4ed4ed7"
  dependencies:
    async "^1.4.0"
    optimist "^0.6.1"
    source-map "^0.4.4"
  optionalDependencies:
    uglify-js "^2.6"

harden@^0.21.0:
  version "0.21.0"
  resolved "https://registry.yarnpkg.com/harden/-/harden-0.21.0.tgz#c3ca5e255e440fc5e6e996acb21515bb892bff49"
  dependencies:
    babel-runtime "^6.23.0"

hashids@^1.1.1:
  version "1.1.1"
  resolved "https://registry.yarnpkg.com/hashids/-/hashids-1.1.1.tgz#3c36fcc5b3ba1a96a8fa67a632eb7877c41c6d3e"

impel@^0.12.0:
  version "0.12.0"
  resolved "https://registry.yarnpkg.com/impel/-/impel-0.12.0.tgz#aabe666b91d699fcfcf43322353a81573e46133e"
  dependencies:
    babel-runtime "^6.23.0"
    falzy "^0.19.0"
    protype "^0.21.0"
    zelf "^0.11.0"

is-buffer@^1.0.2:
  version "1.1.5"
  resolved "https://registry.yarnpkg.com/is-buffer/-/is-buffer-1.1.5.tgz#1f3b26ef613b214b88cbca23cc6c01d87961eecc"

kein@^0.17.0:
  version "0.17.0"
  resolved "https://registry.yarnpkg.com/kein/-/kein-0.17.0.tgz#01ec4bbbd176ada9cab3e9f7349522093e0dd476"
  dependencies:
    babel-runtime "^6.23.0"
    falzy "^0.19.0"
    portel "^0.3.0"
    protype "^0.21.0"
    zelf "^0.11.0"

khount@^0.0.0:
  version "0.0.0"
  resolved "https://registry.yarnpkg.com/khount/-/khount-0.0.0.tgz#7c7f369ae5d0ef5499dca14eeb168bb4b4b29e6d"
  dependencies:
    babel-runtime "^6.23.0"

kind-of@^3.0.2:
  version "3.1.0"
  resolved "https://registry.yarnpkg.com/kind-of/-/kind-of-3.1.0.tgz#475d698a5e49ff5e53d14e3e732429dc8bf4cf47"
  dependencies:
    is-buffer "^1.0.2"

kloak@^0.17.0:
  version "0.17.0"
  resolved "https://registry.yarnpkg.com/kloak/-/kloak-0.17.0.tgz#56835d71be545823324c9a8e1b01c7b9136421af"
  dependencies:
    ate "^0.16.0"
    babel-runtime "^6.23.0"
    eqe "^0.1.0"
    falzy "^0.19.0"
    harden "^0.21.0"
    impel "^0.12.0"
    protype "^0.21.0"
    transpher "^0.19.0"
    truly "^0.18.0"
    wichevr "^0.8.0"

komento@^0.24.0:
  version "0.24.0"
  resolved "https://registry.yarnpkg.com/komento/-/komento-0.24.0.tgz#3049cbcdbed17fe9cb4833034e266a59020fd019"
  dependencies:
    babel-runtime "^6.23.0"
    depher "^0.28.0"
    falzy "^0.19.0"
    handlebars "^4.0.6"
    protype "^0.21.0"
    realign "^0.15.0"
    stringe "^0.2.0"
    stuffed "^0.21.0"
    truly "^0.18.0"
    wichevr "^0.8.0"

kount@^0.10.0:
  version "0.10.0"
  resolved "https://registry.yarnpkg.com/kount/-/kount-0.10.0.tgz#92f6dc18a5c8e8844e29a93aec268b58ad92f53b"
  dependencies:
    babel-runtime "^6.23.0"

kurse@^0.12.0:
  version "0.12.0"
  resolved "https://registry.yarnpkg.com/kurse/-/kurse-0.12.0.tgz#a1041efebb16b151c8407b0768f2a7d009810d32"
  dependencies:
    babel-runtime "^6.23.0"
    cuid "^1.3.8"
    een "^0.17.0"
    harden "^0.21.0"
    kein "^0.17.0"
    protype "^0.21.0"
    truly "^0.18.0"

lazy-cache@^1.0.3:
  version "1.0.4"
  resolved "https://registry.yarnpkg.com/lazy-cache/-/lazy-cache-1.0.4.tgz#a1d78fc3a50474cb80845d3b3b6e1da49a446e8e"

letgo@^0.26.0:
  version "0.26.0"
  resolved "https://registry.yarnpkg.com/letgo/-/letgo-0.26.0.tgz#6b8c4d53365b4d377746745773441801d6a266d1"
  dependencies:
    arid "^0.24.0"
    babel-runtime "^6.23.0"
    budge "^0.23.0"
    called "^0.23.0"
    depher "^0.28.0"
    filled "^0.20.0"
    harden "^0.21.0"
    protype "^0.21.0"
    truly "^0.18.0"
    zelf "^0.11.0"

leveld@^0.1.0:
  version "0.1.0"
  resolved "https://registry.yarnpkg.com/leveld/-/leveld-0.1.0.tgz#b8205546fed2cee009456ac6caba905694a743c6"
  dependencies:
    arid "^0.24.0"
    babel-runtime "^6.23.0"
    decrease "^0.21.0"
    doubt "^0.25.0"
    falzy "^0.19.0"
    protype "^0.21.0"
    raze "^0.27.0"

llamalize@^0.14.0:
  version "0.14.0"
  resolved "https://registry.yarnpkg.com/llamalize/-/llamalize-0.14.0.tgz#2fca984a2ddbf2f69028f663138a4cc1b064a938"
  dependencies:
    babel-runtime "^6.23.0"
    falzy "^0.19.0"
    protype "^0.21.0"
    titlelize "^0.15.0"

lodash@^4.17.4:
  version "4.17.4"
  resolved "https://registry.yarnpkg.com/lodash/-/lodash-4.17.4.tgz#78203a4d1c328ae1d86dca6460e369b57f4055ae"

longest@^1.0.1:
  version "1.0.1"
  resolved "https://registry.yarnpkg.com/longest/-/longest-1.0.1.tgz#30a0b2da38f73770e8294a0d22e6625ed77d0097"

lz-string@^1.4.4:
  version "1.4.4"
  resolved "https://registry.yarnpkg.com/lz-string/-/lz-string-1.4.4.tgz#c0d8eaf36059f705796e1e344811cf4c498d3a26"

minimist@~0.0.1:
  version "0.0.10"
  resolved "https://registry.yarnpkg.com/minimist/-/minimist-0.0.10.tgz#de3f98543dbf96082be48ad1a0c7cda836301dcf"

nafe@^0.1.0:
  version "0.1.0"
  resolved "https://registry.yarnpkg.com/nafe/-/nafe-0.1.0.tgz#8dedbc0888f79338cac0dab76e24431559ce8fed"
  dependencies:
    babel-runtime "^6.23.0"
    falzy "^0.19.0"
    protype "^0.21.0"
    stringe "^0.2.0"

node-fingerprint@0.0.2:
  version "0.0.2"
  resolved "https://registry.yarnpkg.com/node-fingerprint/-/node-fingerprint-0.0.2.tgz#31cbabeb71a67ae7dd5a7dc042e51c3c75868501"

node-uuid@^1.4.8:
  version "1.4.8"
  resolved "https://registry.yarnpkg.com/node-uuid/-/node-uuid-1.4.8.tgz#b040eb0923968afabf8d32fb1f17f1167fdab907"

numric@^0.13.0:
  version "0.13.0"
  resolved "https://registry.yarnpkg.com/numric/-/numric-0.13.0.tgz#6a2744789fd3b9acc06bbcb25b613ffd2486eb79"
  dependencies:
    babel-runtime "^6.23.0"
    protype "^0.21.0"
    stringe "^0.2.0"
    truly "^0.18.0"

optall@^0.18.0:
  version "0.18.0"
  resolved "https://registry.yarnpkg.com/optall/-/optall-0.18.0.tgz#9a8eb5e9c749f168d519e974d1649e8ca1cf3a74"
  dependencies:
    babel-runtime "^6.23.0"
    doubt "^0.25.0"
    falze "^0.21.0"
    protype "^0.21.0"
    pyck "^0.24.0"
    zelf "^0.11.0"

optfor@^0.23.0:
  version "0.23.0"
  resolved "https://registry.yarnpkg.com/optfor/-/optfor-0.23.0.tgz#c0689693934bcc6b55cf7f8638fdd800a9086e78"
  dependencies:
    babel-runtime "^6.23.0"
    doubt "^0.25.0"
    falze "^0.21.0"
    optall "^0.18.0"
    protype "^0.21.0"
    zelf "^0.11.0"

optimist@^0.6.1:
  version "0.6.1"
  resolved "https://registry.yarnpkg.com/optimist/-/optimist-0.6.1.tgz#da3ea74686fa21a19a111c326e90eb15a0196686"
  dependencies:
    minimist "~0.0.1"
    wordwrap "~0.0.2"

plough@^0.23.0:
  version "0.23.0"
  resolved "https://registry.yarnpkg.com/plough/-/plough-0.23.0.tgz#b2dd8f325191ed9c637c7f8e127c104222abd395"
  dependencies:
    arid "^0.24.0"
    babel-runtime "^6.23.0"
    decrease "^0.21.0"
    doubt "^0.25.0"
    raze "^0.27.0"

portel@^0.3.0:
  version "0.3.0"
  resolved "https://registry.yarnpkg.com/portel/-/portel-0.3.0.tgz#532b5817ce5c1697fc65e34ca7eadb28c8e6152c"
  dependencies:
    babel-runtime "^6.23.0"
    protype "^0.21.0"

pringe@^0.10.0:
  version "0.10.0"
  resolved "https://registry.yarnpkg.com/pringe/-/pringe-0.10.0.tgz#f1af336c0d4cbf0248f3c5eb515c7d899d0d1fea"
  dependencies:
    babel-runtime "^6.23.0"
    kurse "^0.12.0"
    plough "^0.23.0"
    stringe "^0.2.0"
    sxty4 "^0.9.0"
    truly "^0.18.0"
    zelf "^0.11.0"

protease@^0.16.0:
  version "0.16.0"
  resolved "https://registry.yarnpkg.com/protease/-/protease-0.16.0.tgz#1fd591607a5061f8060cc2f827ebe9691c658e15"
  dependencies:
    babel-runtime "^6.23.0"
    falzy "^0.19.0"
    harden "^0.21.0"
    kein "^0.17.0"
    protype "^0.21.0"

protype@^0.21.0:
  version "0.21.0"
  resolved "https://registry.yarnpkg.com/protype/-/protype-0.21.0.tgz#958452abbaa6daaa8e79386179b220477e2dca7c"
  dependencies:
    babel-runtime "^6.23.0"
    cemento "^0.15.0"
    harden "^0.21.0"

pyck@^0.24.0:
  version "0.24.0"
  resolved "https://registry.yarnpkg.com/pyck/-/pyck-0.24.0.tgz#e2d2264de623d570db52ce5cf5b9c4e4516d5645"
  dependencies:
    babel-runtime "^6.23.0"
    clazof "^0.22.0"
    doubt "^0.25.0"
    falzy "^0.19.0"
    protype "^0.21.0"
    raze "^0.27.0"
    truly "^0.18.0"
    zelf "^0.11.0"

raze@^0.27.0:
  version "0.27.0"
  resolved "https://registry.yarnpkg.com/raze/-/raze-0.27.0.tgz#f851bba1b6709489e22603258ca474b4c2d4db54"
  dependencies:
    babel-runtime "^6.23.0"
    doubt "^0.25.0"
    falzy "^0.19.0"

realign@^0.15.0:
  version "0.15.0"
  resolved "https://registry.yarnpkg.com/realign/-/realign-0.15.0.tgz#6cb22d6df4ef6b17ce923c2eb02b147fbbcd4f31"
  dependencies:
    babel-runtime "^6.23.0"
    falzy "^0.19.0"
    protype "^0.21.0"
    truly "^0.18.0"
    wichevr "^0.8.0"

regenerator-runtime@^0.10.0:
  version "0.10.3"
  resolved "https://registry.yarnpkg.com/regenerator-runtime/-/regenerator-runtime-0.10.3.tgz#8c4367a904b51ea62a908ac310bf99ff90a82a3e"

repeat-string@^1.5.2:
  version "1.6.1"
  resolved "https://registry.yarnpkg.com/repeat-string/-/repeat-string-1.6.1.tgz#8dcae470e1c88abc2d600fff4a776286da75e637"

right-align@^0.1.1:
  version "0.1.3"
  resolved "https://registry.yarnpkg.com/right-align/-/right-align-0.1.3.tgz#61339b722fe6a3515689210d24e14c96148613ef"
  dependencies:
    align-text "^0.1.1"

secrets.js@^0.1.8:
  version "0.1.8"
  resolved "https://registry.yarnpkg.com/secrets.js/-/secrets.js-0.1.8.tgz#5b0517fadc7a8ef72082a89daa213a3f40aeb5a4"

snapd@^0.20.0:
  version "0.20.0"
  resolved "https://registry.yarnpkg.com/snapd/-/snapd-0.20.0.tgz#4727566dafa479c50100ae2bcd657994dc282795"
  dependencies:
    asea "^0.13.0"
    babel-runtime "^6.23.0"
    budge "^0.23.0"
    harden "^0.21.0"
    impel "^0.12.0"
    kein "^0.17.0"
    letgo "^0.26.0"
    pringe "^0.10.0"
    protype "^0.21.0"
    truly "^0.18.0"
    zelf "^0.11.0"

source-map@^0.4.4:
  version "0.4.4"
  resolved "https://registry.yarnpkg.com/source-map/-/source-map-0.4.4.tgz#eba4f5da9c0dc999de68032d8b4f76173652036b"
  dependencies:
    amdefine ">=0.0.4"

source-map@~0.5.1:
  version "0.5.6"
  resolved "https://registry.yarnpkg.com/source-map/-/source-map-0.5.6.tgz#75ce38f52bf0733c5a7f0c118d81334a2bb5f412"

stringe@^0.2.0:
  version "0.2.0"
  resolved "https://registry.yarnpkg.com/stringe/-/stringe-0.2.0.tgz#0e7dabe11258cdcf5d7e0ce5e4a1a9d043936a0e"
  dependencies:
    babel-runtime "^6.23.0"

stuffed@^0.21.0:
  version "0.21.0"
  resolved "https://registry.yarnpkg.com/stuffed/-/stuffed-0.21.0.tgz#06e509b2d496c3d1981026d7e200e200dedda648"
  dependencies:
    babel-runtime "^6.23.0"
    doubt "^0.25.0"
    kount "^0.10.0"
    protype "^0.21.0"
    truly "^0.18.0"

sxty4@^0.9.0:
  version "0.9.0"
  resolved "https://registry.yarnpkg.com/sxty4/-/sxty4-0.9.0.tgz#b542452ff0a07bf5ce3017714481e447fb21ea92"
  dependencies:
    asea "^0.13.0"
    babel-runtime "^6.23.0"
    falzy "^0.19.0"
    harden "^0.21.0"
    protype "^0.21.0"

titlelize@^0.15.0:
  version "0.15.0"
  resolved "https://registry.yarnpkg.com/titlelize/-/titlelize-0.15.0.tgz#a1dea0ab7405c39ccd52e682380b87d9ac2ac8b4"
  dependencies:
    babel-runtime "^6.23.0"
    disdo "^0.14.0"
    falzy "^0.19.0"
    protype "^0.21.0"

transpher@^0.19.0:
  version "0.19.0"
  resolved "https://registry.yarnpkg.com/transpher/-/transpher-0.19.0.tgz#545b09e95f5c11c6e52f058c9c5c55efbac9da81"
  dependencies:
    ate "^0.16.0"
    babel-runtime "^6.23.0"
    depher "^0.28.0"
    falzy "^0.19.0"
    kein "^0.17.0"

truly@^0.18.0:
  version "0.18.0"
  resolved "https://registry.yarnpkg.com/truly/-/truly-0.18.0.tgz#333c3f312083e31bbc601ccb95919ddafb14f4e3"
  dependencies:
    babel-runtime "^6.23.0"

truu@^0.24.0:
  version "0.24.0"
  resolved "https://registry.yarnpkg.com/truu/-/truu-0.24.0.tgz#5dd92e76c5deda0c5bdefdf66aca9ed3d51f1225"
  dependencies:
    babel-runtime "^6.23.0"
    doubt "^0.25.0"
    filled "^0.20.0"
    protype "^0.21.0"
    stuffed "^0.21.0"
    truly "^0.18.0"

u200b@^0.23.0:
  version "0.23.0"
  resolved "https://registry.yarnpkg.com/u200b/-/u200b-0.23.0.tgz#c6d541d4cd8284a4255a1d6d8be5b31cc5461135"
  dependencies:
    arid "^0.24.0"
    babel-runtime "^6.23.0"
    clazof "^0.22.0"
    diatom "^0.22.0"
    falzy "^0.19.0"
    harden "^0.21.0"
    optfor "^0.23.0"
    plough "^0.23.0"
    protype "^0.21.0"
    stringe "^0.2.0"
    truly "^0.18.0"
    wichevr "^0.8.0"

uglify-js@^2.6:
  version "2.8.22"
  resolved "https://registry.yarnpkg.com/uglify-js/-/uglify-js-2.8.22.tgz#d54934778a8da14903fa29a326fb24c0ab51a1a0"
  dependencies:
    source-map "~0.5.1"
    yargs "~3.10.0"
  optionalDependencies:
    uglify-to-browserify "~1.0.0"

uglify-to-browserify@~1.0.0:
  version "1.0.2"
  resolved "https://registry.yarnpkg.com/uglify-to-browserify/-/uglify-to-browserify-1.0.2.tgz#6e0924d6bda6b5afe349e39a6d632850a0f882b7"

wauker@^0.9.0:
  version "0.9.0"
  resolved "https://registry.yarnpkg.com/wauker/-/wauker-0.9.0.tgz#0efbbc2292fadbe4dad5f712a37fcd5590ef614d"
  dependencies:
    babel-runtime "^6.23.0"
    een "^0.17.0"
    falzy "^0.19.0"
    protease "^0.16.0"
    protype "^0.21.0"

wichevr@^0.8.0:
  version "0.8.0"
  resolved "https://registry.yarnpkg.com/wichevr/-/wichevr-0.8.0.tgz#33dd61a476ccf9a844be0d0e11afdad9f6a9b16a"
  dependencies:
    babel-runtime "^6.23.0"
    raze "^0.27.0"
    truly "^0.18.0"

window-size@0.1.0:
  version "0.1.0"
  resolved "https://registry.yarnpkg.com/window-size/-/window-size-0.1.0.tgz#5438cd2ea93b202efa3a19fe8887aee7c94f9c9d"

wordwrap@0.0.2:
  version "0.0.2"
  resolved "https://registry.yarnpkg.com/wordwrap/-/wordwrap-0.0.2.tgz#b79669bb42ecb409f83d583cad52ca17eaa1643f"

wordwrap@~0.0.2:
  version "0.0.3"
  resolved "https://registry.yarnpkg.com/wordwrap/-/wordwrap-0.0.3.tgz#a3d5da6cd5c0bc0008d37234bbaf1bed63059107"

yargs@~3.10.0:
  version "3.10.0"
  resolved "https://registry.yarnpkg.com/yargs/-/yargs-3.10.0.tgz#f7ee7bd857dd7c1d2d38c0e74efbd681d1431fd1"
  dependencies:
    camelcase "^1.0.2"
    cliui "^2.1.0"
    decamelize "^1.0.0"
    window-size "0.1.0"

zelf@^0.11.0:
  version "0.11.0"
  resolved "https://registry.yarnpkg.com/zelf/-/zelf-0.11.0.tgz#ff6967b0206f8de00354dd439eb98cc4c5a4415d"
  dependencies:
    asea "^0.13.0"
    babel-runtime "^6.23.0"
